filippo.io/edwards25519 v1.2.0 h1:crnVqOiS4jqYleHd9vaKZ+HKtHfllngJIiOpNpoJsjo=
filippo.io/edwards25519 v1.2.0/go.mod h1:xzAOLCNug/yB62zG1bQ8uziwrIqIuxhctzJT18Q77mc=
git.gammaspectra.live/P2Pool/blake2b v0.42.1 h1:Y8wR9XTCA95MWXULzydAvj/8+td2/oHb7SWtbwAXpOA=
git.gammaspectra.live/P2Pool/blake2b v0.42.1/go.mod h1:BYEHzMel96uAsRcarHolru4XoteQvZclIQl639MzyF8=
git.gammaspectra.live/P2Pool/consensus/v5 v5.0.10 h1:iluh1pLVA7inzdgT7fZ5s9wKDMuK5pWHdO1WQS4oZt0=
git.gammaspectra.live/P2Pool/consensus/v5 v5.0.10/go.mod h1:eJw8BNB7anorhqY1QKMMWc1MlN2XZl9o7BEzOCFuyfg=
git.gammaspectra.live/P2Pool/edwards25519 v0.0.0-20260623010819-f3b0caff06be h1:+5W3U4+lJoy9Km0A6oP7F6bup5RPdkHA2XZWcvIL6vg=
git.gammaspectra.live/P2Pool/edwards25519 v0.0.0-20260623010819-f3b0caff06be/go.mod h1:FZsrMWGucMP3SZamzrd7m562geIs5zp1O/9MGoiAKH0=
git.gammaspectra.live/P2Pool/go-hex v0.0.0-20251214231021-098f65fc1214 h1:MWH8m0+hFBHVniKvkLy1rbVODLv6uq4/fYmL8IPcuJQ=
git.gammaspectra.live/P2Pool/go-hex v0.0.0-20251214231021-098f65fc1214/go.mod h1:b4whW/umqLY4eVZ4eaSgumFQNIFPCrO20AQoSR0vS5s=
github.com/hashicorp/golang-lru/v2 v2.0.7 h1:a+bsQ5rvGLjzHuww6tVxozPZFVghXaHOwFs4luLUK2k=
github.com/hashicorp/golang-lru/v2 v2.0.7/go.mod h1:QeFd9opnmA6QUJc5vARoKUSoFhyfM2/ZepoAG6RGpeM=
golang.org/x/crypto v0.54.0 h1:YLIA59K4fiNzHzjnZt2tUJQjQtUWfWbeHBqKtk3eScw=
golang.org/x/crypto v0.54.0/go.mod h1:KWL8ny2AZdGR2cWmzeHrp2azQPGogOv+HeQaVEXC2dk=
golang.org/x/sync v0.21.0 h1:HLII4xRRTtCRkxYp4HNFF0Js/Og6q2i++KXbg0gHCwM=
golang.org/x/sync v0.21.0/go.mod h1:9xrNwdLfx4jkKbNva9FpL6vEN7evnE43NNNJQ2LF3+0=
golang.org/x/sys v0.47.0 h1:o7XGOvZQCADBQQ4Y7VNq2dRWQR7JmOUW8Kxx4ZsNgWs=
golang.org/x/sys v0.47.0/go.mod h1:4GL1E5IUh+htKOUEOaiffhrAeqysfVGipDYzABqnCmw=
lukechampine.com/uint128 v1.3.0 h1:cDdUVfRwDUDovz610ABgFD17nXD4/uDgVHl2sC3+sbo=
lukechampine.com/uint128 v1.3.0/go.mod h1:c4eWIwlEGaxC/+H1VguhU4PHXNWDCDMUlWdIWl2j1gk=
